
Microsoft Visual Studio Solution File, Format Version 12.00
# Visual Studio 15
Project("{FAE04EC0-301F-11D3-BF4B-00C04F79EFBC}") = "Assembly-CSharp", "Assembly-CSharp.csproj", "{07E2250E-06C7-6ED0-E4AD-A8EA57B3731E}"
EndProject
Global
	GlobalSection(SolutionConfigurationPlatforms) = preSolution
		Debug|Any CPU = Debug|Any CPU
		Release|Any CPU = Release|Any CPU
	EndGlobalSection
	GlobalSection(ProjectConfigurationPlatforms) = postSolution
		{07E2250E-06C7-6ED0-E4AD-A8EA57B3731E}.Debug|Any CPU.ActiveCfg = Debug|Any CPU
		{07E2250E-06C7-6ED0-E4AD-A8EA57B3731E}.Debug|Any CPU.Build.0 = Debug|Any CPU
		{07E2250E-06C7-6ED0-E4AD-A8EA57B3731E}.Release|Any CPU.ActiveCfg = Release|Any CPU
		{07E2250E-06C7-6ED0-E4AD-A8EA57B3731E}.Release|Any CPU.Build.0 = Release|Any CPU
	EndGlobalSection
	GlobalSection(SolutionProperties) = preSolution
		HideSolutionNode = FALSE
	EndGlobalSection
EndGlobal
